{
  "name": "sip2-connection-tester",
  "version": "1.0.0",
  "lockfileVersion": 3,
  "requires": true,
  "packages": {
    "": {
      "name": "sip2-connection-tester",
      "version": "1.0.0",
      "license": "ISC",
      "devDependencies": {
        "lib-for-node10-wrapped-php7-lambda-layer": "github:NYPL/lib-for-node10-wrapped-php7-lambda-layer#main"
      }
    },
    "node_modules/lib-for-node10-wrapped-php7-lambda-layer": {
      "version": "1.0.0",
      "resolved": "git+ssh://git@github.com/NYPL/lib-for-node10-wrapped-php7-lambda-layer.git#edbb5ff872ceff19597cd75f9c6d5e3f96a2beea",
      "dev": true,
      "license": "ISC"
    }
  }
}
